
Microsoft Visual Studio Solution File, Format Version 12.00
# Visual Studio 15
VisualStudioVersion = 15.0.28307.1000
MinimumVisualStudioVersion = 10.0.40219.1
Project("{FAE04EC0-301F-11D3-BF4B-00C04F79EFBC}") = "HelloWorld", "HelloWorld\HelloWorld.csproj", "{78667606-E91E-4078-9D48-F130245A297B}"
EndProject
Global
	GlobalSection(SolutionConfigurationPlatforms) = preSolution
		Debug|Any CPU = Debug|Any CPU
		Release|Any CPU = Release|Any CPU
	EndGlobalSection
	GlobalSection(ProjectConfigurationPlatforms) = postSolution
		{78667606-E91E-4078-9D48-F130245A297B}.Debug|Any CPU.ActiveCfg = Debug|Any CPU
		{78667606-E91E-4078-9D48-F130245A297B}.Debug|Any CPU.Build.0 = Debug|Any CPU
		{78667606-E91E-4078-9D48-F130245A297B}.Release|Any CPU.ActiveCfg = Release|Any CPU
		{78667606-E91E-4078-9D48-F130245A297B}.Release|Any CPU.Build.0 = Release|Any CPU
	EndGlobalSection
	GlobalSection(SolutionProperties) = preSolution
		HideSolutionNode = FALSE
	EndGlobalSection
	GlobalSection(ExtensibilityGlobals) = postSolution
		SolutionGuid = {BF8A8726-E2A9-4598-AC43-05AEA4100A8E}
	EndGlobalSection
EndGlobal
